{
  "version": 4,
  "terraform_version": "1.12.2",
  "serial": 3,
  "lineage": "30356e18-6138-1dea-c442-b1eb9a82bfda",
  "outputs": {
    "nginx_endpoint": {
      "value": "http://af6f95bf0d0da405ba052562223e50c1-323084167.ca-central-1.elb.amazonaws.com",
      "type": "string"
    }
  },
  "resources": [
    {
      "mode": "data",
      "type": "aws_eks_cluster",
      "name": "cluster",
      "provider": "provider[\"registry.terraform.io/hashicorp/aws\"]",
      "instances": [
        {
          "schema_version": 0,
          "attributes": {
            "access_config": [
              {
                "authentication_mode": "API_AND_CONFIG_MAP"
              }
            ],
            "arn": "arn:aws:eks:ca-central-1:222575804129:cluster/education-eks-7ARLSHKZ",
            "certificate_authority": [
              {
                "data": "LS0tLS1CRUdJTiBDRVJUSUZJQ0FURS0tLS0tCk1JSURCVENDQWUyZ0F3SUJBZ0lJQ3RGdGp4L0dYdTh3RFFZSktvWklodmNOQVFFTEJRQXdGVEVUTUJFR0ExVUUKQXhNS2EzVmlaWEp1WlhSbGN6QWVGdzB5TlRBMk1qY3dNREUzTWpCYUZ3MHpOVEEyTWpVd01ESXlNakJhTUJVeApFekFSQmdOVkJBTVRDbXQxWW1WeWJtVjBaWE13Z2dFaU1BMEdDU3FHU0liM0RRRUJBUVVBQTRJQkR3QXdnZ0VLCkFvSUJBUUN6VU43YzRVWUxURjh4TE5hclJVb1lPbW82eXFjaUdOTnJ2SXBLRmlJUzJ3N29NelFYdW5mRko2cWkKdUo0Y3I1RHNVQWdMZ2FubWRvcTR3NjlEdUNHQXZBbHovVWhSRGNJQkVMN3ZzdVJrb0YweXVOOS80OWN5UjkyNQp0bXZ2ekdKTkF0aDhVb2RWWEhoTGtzeFU2UHhRQmxhaTFndmxBRjdNV29zazAzdEt6T2xoRE1zNGNraVVKN2xZCjFsVUhnYmZUM3lKMFRNdFAwSjQvZnpqRVVDTkZiYXoybEIrQXRGcHlxMEpmUy84bUFJTWkxdGhZcVN2RW10ZWEKaklkOWdnTG9sRkE5RDZpK2p1bTFXM2tXSEp4ZmVtMDhEbWZ1dFdER3VUS1JOZFB3RTd5T1dzZ3hIRmlxUjJrcApQZjExQ1VFT05NSkx4bmF5UGE3OXZya29WTG9kQWdNQkFBR2pXVEJYTUE0R0ExVWREd0VCL3dRRUF3SUNwREFQCkJnTlZIUk1CQWY4RUJUQURBUUgvTUIwR0ExVWREZ1FXQkJRUm1nZVJaeWFtU2IwOFlLZFZKbzFrKzlVNkt6QVYKQmdOVkhSRUVEakFNZ2dwcmRXSmxjbTVsZEdWek1BMEdDU3FHU0liM0RRRUJDd1VBQTRJQkFRQms3M0tseW1IMQpwK2h0dGVVbjZ1T0NQZVhmTkl4NmYwaUJxY1ZVR2pDVURjTVpDMnJIc012WkIwS2FpRkFjN2J6UGgwQXFsR3RxCjVwTzk0U0NYNEUxZnE2Q2cwMk5YRXkrL3VUaWhzOVRUVlN0YUc3RmZXbU9aNXNic1BsQWE0ZmVDc2s0TEQ2VEgKZ2d3Zi9Kck80Rmh1SnM2ckJBNVdiL2JHNXFVc0hTOWNJMG1OMWVJUHNNMmx3UkJ1NHNmbzgvVWFuWHluejljQQpmaU5qamZiak05NHlUSGJUWThFdDBZK3UxZjduWlFXQ3NleloyNTFzL0ZoRjgrL0hNdWx3T1U1WE5pUTc3dGhnCllrT0JGbFN4d1hOZ1RFZ3ZXcVErWnREOElhaktBVy9CNVVHWTVOcDcrU1dkZi96d2Y4Y3VmRzdaUGlnbjE5bTIKU0VWTTViR0FmWWlNCi0tLS0tRU5EIENFUlRJRklDQVRFLS0tLS0K"
              }
            ],
            "cluster_id": null,
            "created_at": "2025-06-27 00:17:56.32 +0000 UTC",
            "enabled_cluster_log_types": [
              "api",
              "audit",
              "authenticator"
            ],
            "endpoint": "https://5F8A18A33CA13D4663EBE2466176F2E4.gr7.ca-central-1.eks.amazonaws.com",
            "id": "education-eks-7ARLSHKZ",
            "identity": [
              {
                "oidc": [
                  {
                    "issuer": "https://oidc.eks.ca-central-1.amazonaws.com/id/5F8A18A33CA13D4663EBE2466176F2E4"
                  }
                ]
              }
            ],
            "kubernetes_network_config": [
              {
                "ip_family": "ipv4",
                "service_ipv4_cidr": "172.20.0.0/16",
                "service_ipv6_cidr": ""
              }
            ],
            "name": "education-eks-7ARLSHKZ",
            "outpost_config": [],
            "platform_version": "eks.40",
            "role_arn": "arn:aws:iam::222575804129:role/education-eks-7ARLSHKZ-cluster-20250627001733734900000003",
            "status": "ACTIVE",
            "tags": {
              "terraform-aws-modules": "eks"
            },
            "version": "1.29",
            "vpc_config": [
              {
                "cluster_security_group_id": "sg-08062e6ae45d6aaa1",
                "endpoint_private_access": true,
                "endpoint_public_access": true,
                "public_access_cidrs": [
                  "0.0.0.0/0"
                ],
                "security_group_ids": [
                  "sg-0147c93c8e7cc2844"
                ],
                "subnet_ids": [
                  "subnet-051dcdaa886e3e56e",
                  "subnet-06400530db680f9b8",
                  "subnet-0f5dde21faa3340b1"
                ],
                "vpc_id": "vpc-0dd7cb649d07b2206"
              }
            ]
          },
          "sensitive_attributes": [],
          "identity_schema_version": 0
        }
      ]
    },
    {
      "mode": "data",
      "type": "aws_eks_cluster_auth",
      "name": "cluster",
      "provider": "provider[\"registry.terraform.io/hashicorp/aws\"]",
      "instances": [
        {
          "schema_version": 0,
          "attributes": {
            "id": "education-eks-7ARLSHKZ",
            "name": "education-eks-7ARLSHKZ",
            "token": "k8s-aws-v1.aHR0cHM6Ly9zdHMuY2EtY2VudHJhbC0xLmFtYXpvbmF3cy5jb20vP0FjdGlvbj1HZXRDYWxsZXJJZGVudGl0eSZWZXJzaW9uPTIwMTEtMDYtMTUmWC1BbXotQWxnb3JpdGhtPUFXUzQtSE1BQy1TSEEyNTYmWC1BbXotQ3JlZGVudGlhbD1BS0lBVEhVVU5IM1EyQkhUMlZXMyUyRjIwMjUwNjI3JTJGY2EtY2VudHJhbC0xJTJGc3RzJTJGYXdzNF9yZXF1ZXN0JlgtQW16LURhdGU9MjAyNTA2MjdUMDEwMzMxWiZYLUFtei1FeHBpcmVzPTAmWC1BbXotU2lnbmVkSGVhZGVycz1ob3N0JTNCeC1rOHMtYXdzLWlkJlgtQW16LVNpZ25hdHVyZT1lYjliNWIwMTBkNWEzM2FiNDA1ZjIwZGQ5OGRkYTg2MmVkY2MwN2JlZTdkNjRlNDRmYjg3ZDI0MjhhNTgzYjQ3"
          },
          "sensitive_attributes": [
            [
              {
                "type": "get_attr",
                "value": "token"
              }
            ]
          ],
          "identity_schema_version": 0
        }
      ]
    },
    {
      "mode": "data",
      "type": "kubernetes_service",
      "name": "nginx",
      "provider": "provider[\"registry.terraform.io/hashicorp/kubernetes\"]",
      "instances": [
        {
          "schema_version": 0,
          "attributes": {
            "id": "default/nginx",
            "metadata": [
              {
                "annotations": {
                  "meta.helm.sh/release-name": "nginx",
                  "meta.helm.sh/release-namespace": "default"
                },
                "generation": 0,
                "labels": {
                  "app.kubernetes.io/instance": "nginx",
                  "app.kubernetes.io/managed-by": "Helm",
                  "app.kubernetes.io/name": "nginx",
                  "app.kubernetes.io/version": "1.29.0",
                  "helm.sh/chart": "nginx-21.0.1"
                },
                "name": "nginx",
                "namespace": "default",
                "resource_version": "9384",
                "uid": "f6f95bf0-d0da-405b-a052-562223e50c1f"
              }
            ],
            "spec": [
              {
                "allocate_load_balancer_node_ports": true,
                "cluster_ip": "172.20.91.8",
                "cluster_ips": [
                  "172.20.91.8"
                ],
                "external_ips": [],
                "external_name": "",
                "external_traffic_policy": "Cluster",
                "health_check_node_port": 0,
                "internal_traffic_policy": "Cluster",
                "ip_families": [
                  "IPv4"
                ],
                "ip_family_policy": "SingleStack",
                "load_balancer_class": "",
                "load_balancer_ip": "",
                "load_balancer_source_ranges": [],
                "port": [
                  {
                    "app_protocol": "",
                    "name": "http",
                    "node_port": 32200,
                    "port": 80,
                    "protocol": "TCP",
                    "target_port": "http"
                  },
                  {
                    "app_protocol": "",
                    "name": "https",
                    "node_port": 32225,
                    "port": 443,
                    "protocol": "TCP",
                    "target_port": "https"
                  }
                ],
                "publish_not_ready_addresses": false,
                "selector": {
                  "app.kubernetes.io/instance": "nginx",
                  "app.kubernetes.io/name": "nginx"
                },
                "session_affinity": "None",
                "session_affinity_config": [],
                "type": "LoadBalancer"
              }
            ],
            "status": [
              {
                "load_balancer": [
                  {
                    "ingress": [
                      {
                        "hostname": "af6f95bf0d0da405ba052562223e50c1-323084167.ca-central-1.elb.amazonaws.com",
                        "ip": ""
                      }
                    ]
                  }
                ]
              }
            ]
          },
          "sensitive_attributes": [],
          "identity_schema_version": 0
        }
      ]
    },
    {
      "mode": "data",
      "type": "terraform_remote_state",
      "name": "eks",
      "provider": "provider[\"terraform.io/builtin/terraform\"]",
      "instances": [
        {
          "schema_version": 0,
          "attributes": {
            "backend": "local",
            "config": {
              "value": {
                "path": "../learn-terraform-provision-eks-cluster/terraform.tfstate"
              },
              "type": [
                "object",
                {
                  "path": "string"
                }
              ]
            },
            "defaults": null,
            "outputs": {
              "value": {
                "cluster_endpoint": "https://5F8A18A33CA13D4663EBE2466176F2E4.gr7.ca-central-1.eks.amazonaws.com",
                "cluster_name": "education-eks-7ARLSHKZ",
                "cluster_security_group_id": "sg-0147c93c8e7cc2844",
                "region": "ca-central-1"
              },
              "type": [
                "object",
                {
                  "cluster_endpoint": "string",
                  "cluster_name": "string",
                  "cluster_security_group_id": "string",
                  "region": "string"
                }
              ]
            },
            "workspace": null
          },
          "sensitive_attributes": [],
          "identity_schema_version": 0
        }
      ]
    },
    {
      "mode": "managed",
      "type": "helm_release",
      "name": "nginx",
      "provider": "provider[\"registry.terraform.io/hashicorp/helm\"]",
      "instances": [
        {
          "schema_version": 2,
          "attributes": {
            "atomic": false,
            "chart": "nginx",
            "cleanup_on_fail": false,
            "create_namespace": false,
            "dependency_update": false,
            "description": null,
            "devel": null,
            "disable_crd_hooks": false,
            "disable_openapi_validation": false,
            "disable_webhooks": false,
            "force_update": false,
            "id": "nginx",
            "keyring": null,
            "lint": false,
            "manifest": null,
            "max_history": 0,
            "metadata": {
              "app_version": "1.29.0",
              "chart": "nginx",
              "first_deployed": 1750986238,
              "last_deployed": 1750986238,
              "name": "nginx",
              "namespace": "default",
              "notes": "CHART NAME: nginx\nCHART VERSION: 21.0.1\nAPP VERSION: 1.29.0\n\nDid you know there are enterprise versions of the Bitnami catalog? For enhanced secure software supply chain features, unlimited pulls from Docker, LTS support, or application customization, see Bitnami Premium or Tanzu Application Catalog. See https://www.arrow.com/globalecs/na/vendors/bitnami for more information.\n\n** Please be patient while the chart is being deployed **\nNGINX can be accessed through the following DNS name from within your cluster:\n\n    nginx.default.svc.cluster.local (port 80)\n\nTo access NGINX from outside the cluster, follow the steps below:\n\n1. Get the NGINX URL by running these commands:\n\n  NOTE: It may take a few minutes for the LoadBalancer IP to be available.\n        Watch the status with: 'kubectl get svc --namespace default -w nginx'\n\n    export SERVICE_PORT=$(kubectl get --namespace default -o jsonpath=\"{.spec.ports[0].port}\" services nginx)\n    export SERVICE_IP=$(kubectl get svc --namespace default nginx -o jsonpath='{.status.loadBalancer.ingress[0].ip}')\n    echo \"http://${SERVICE_IP}:${SERVICE_PORT}\"\n\nWARNING: There are \"resources\" sections in the chart not set. Using \"resourcesPreset\" is not recommended for production. For production installations, please set the following values according to your workload needs:\n  - cloneStaticSiteFromGit.gitSync.resources\n  - resources\n+info https://kubernetes.io/docs/concepts/configuration/manage-resources-containers/\n",
              "revision": 1,
              "values": "{\"replicaCount\":1}",
              "version": "21.0.1"
            },
            "name": "nginx",
            "namespace": "default",
            "pass_credentials": false,
            "postrender": null,
            "recreate_pods": false,
            "render_subchart_notes": true,
            "replace": false,
            "repository": "https://charts.bitnami.com/bitnami",
            "repository_ca_file": null,
            "repository_cert_file": null,
            "repository_key_file": null,
            "repository_password": null,
            "repository_username": null,
            "reset_values": false,
            "reuse_values": false,
            "set": null,
            "set_list": null,
            "set_sensitive": null,
            "set_wo": null,
            "set_wo_revision": null,
            "skip_crds": false,
            "status": "deployed",
            "timeout": 300,
            "values": [
              "replicaCount: 1\r\n"
            ],
            "verify": false,
            "version": "21.0.1",
            "wait": true,
            "wait_for_jobs": false
          },
          "sensitive_attributes": [
            [
              {
                "type": "get_attr",
                "value": "repository_password"
              }
            ]
          ],
          "identity_schema_version": 0,
          "identity": {
            "namespace": "default",
            "release_name": "nginx"
          },
          "dependencies": [
            "data.aws_eks_cluster.cluster",
            "data.terraform_remote_state.eks"
          ]
        }
      ]
    }
  ],
  "check_results": null
}
